
Microsoft Visual Studio Solution File, Format Version 12.00
# Visual Studio 15
VisualStudioVersion = 15.0.28010.2036
MinimumVisualStudioVersion = 10.0.40219.1
Project("{FAE04EC0-301F-11D3-BF4B-00C04F79EFBC}") = "Ejercicios Objetos", "Ejercicios Objetos\Ejercicios Objetos.csproj", "{48EDCD87-B237-485D-A4DF-A7A54D370CF6}"
EndProject
Global
	GlobalSection(SolutionConfigurationPlatforms) = preSolution
		Debug|Any CPU = Debug|Any CPU
		Release|Any CPU = Release|Any CPU
	EndGlobalSection
	GlobalSection(ProjectConfigurationPlatforms) = postSolution
		{48EDCD87-B237-485D-A4DF-A7A54D370CF6}.Debug|Any CPU.ActiveCfg = Debug|Any CPU
		{48EDCD87-B237-485D-A4DF-A7A54D370CF6}.Debug|Any CPU.Build.0 = Debug|Any CPU
		{48EDCD87-B237-485D-A4DF-A7A54D370CF6}.Release|Any CPU.ActiveCfg = Release|Any CPU
		{48EDCD87-B237-485D-A4DF-A7A54D370CF6}.Release|Any CPU.Build.0 = Release|Any CPU
	EndGlobalSection
	GlobalSection(SolutionProperties) = preSolution
		HideSolutionNode = FALSE
	EndGlobalSection
	GlobalSection(ExtensibilityGlobals) = postSolution
		SolutionGuid = {31ADEE2A-0E97-4E7D-B7F3-C110E85465DB}
	EndGlobalSection
EndGlobal
